
Microsoft Visual Studio Solution File, Format Version 12.00
# Visual Studio Version 17
VisualStudioVersion = 17.3.32929.385
MinimumVisualStudioVersion = 10.0.40219.1
Project("{9A19103F-16F7-4668-BE54-9A1E7A4F7556}") = "WebAds", "WebAds\WebAds.csproj", "{3E67007A-FC03-4C65-839C-CB0C2BEA4DDD}"
EndProject
Global
	GlobalSection(SolutionConfigurationPlatforms) = preSolution
		Debug|Any CPU = Debug|Any CPU
		Release|Any CPU = Release|Any CPU
	EndGlobalSection
	GlobalSection(ProjectConfigurationPlatforms) = postSolution
		{3E67007A-FC03-4C65-839C-CB0C2BEA4DDD}.Debug|Any CPU.ActiveCfg = Debug|Any CPU
		{3E67007A-FC03-4C65-839C-CB0C2BEA4DDD}.Debug|Any CPU.Build.0 = Debug|Any CPU
		{3E67007A-FC03-4C65-839C-CB0C2BEA4DDD}.Release|Any CPU.ActiveCfg = Release|Any CPU
		{3E67007A-FC03-4C65-839C-CB0C2BEA4DDD}.Release|Any CPU.Build.0 = Release|Any CPU
	EndGlobalSection
	GlobalSection(SolutionProperties) = preSolution
		HideSolutionNode = FALSE
	EndGlobalSection
	GlobalSection(ExtensibilityGlobals) = postSolution
		SolutionGuid = {69B2D26F-1887-4CC8-8FF9-E6A13840F6E4}
	EndGlobalSection
EndGlobal
